// !$*UTF8*$!
{
	archiveVersion = 1;
	classes = {
	};
	objectVersion = 55;
	objects = {

/* Begin PBXBuildFile section */
		2FBAFBA58AFA3A9BE569246C /* Pods_TODO_VIPERTests.framework in Frameworks */ = {isa = PBXBuildFile; fileRef = 9F39625B71AAFF9AE01DDFCD /* Pods_TODO_VIPERTests.framework */; };
		5616A7002860BA28006EFE81 /* AppDelegate.swift in Sources */ = {isa = PBXBuildFile; fileRef = 5616A6FF2860BA28006EFE81 /* AppDelegate.swift */; };
		5616A7022860BA28006EFE81 /* SceneDelegate.swift in Sources */ = {isa = PBXBuildFile; fileRef = 5616A7012860BA28006EFE81 /* SceneDelegate.swift */; };
		5616A7042860BA28006EFE81 /* TodoListViewController.swift in Sources */ = {isa = PBXBuildFile; fileRef = 5616A7032860BA28006EFE81 /* TodoListViewController.swift */; };
		5616A7072860BA28006EFE81 /* TodoList.storyboard in Resources */ = {isa = PBXBuildFile; fileRef = 5616A7052860BA28006EFE81 /* TodoList.storyboard */; };
		5616A7092860BA29006EFE81 /* Assets.xcassets in Resources */ = {isa = PBXBuildFile; fileRef = 5616A7082860BA29006EFE81 /* Assets.xcassets */; };
		5616A70C2860BA29006EFE81 /* LaunchScreen.storyboard in Resources */ = {isa = PBXBuildFile; fileRef = 5616A70A2860BA29006EFE81 /* LaunchScreen.storyboard */; };
		5616A7212860BA29006EFE81 /* TODOVIPERUITests.swift in Sources */ = {isa = PBXBuildFile; fileRef = 5616A7202860BA29006EFE81 /* TODOVIPERUITests.swift */; };
		5616A7232860BA29006EFE81 /* TODOVIPERUITestsLaunchTests.swift in Sources */ = {isa = PBXBuildFile; fileRef = 5616A7222860BA29006EFE81 /* TODOVIPERUITestsLaunchTests.swift */; };
		5616A730286138E5006EFE81 /* TodoListTableViewCell.swift in Sources */ = {isa = PBXBuildFile; fileRef = 5616A72F286138E5006EFE81 /* TodoListTableViewCell.swift */; };
		5616A7322861F3A6006EFE81 /* TodoListEntity.swift in Sources */ = {isa = PBXBuildFile; fileRef = 5616A7312861F3A6006EFE81 /* TodoListEntity.swift */; };
		5616A73828620220006EFE81 /* TodoListRouter.swift in Sources */ = {isa = PBXBuildFile; fileRef = 5616A73728620220006EFE81 /* TodoListRouter.swift */; };
		5616A73A2862023F006EFE81 /* AddTodoRouter.swift in Sources */ = {isa = PBXBuildFile; fileRef = 5616A7392862023F006EFE81 /* AddTodoRouter.swift */; };
		5616A73C2862025B006EFE81 /* AddTodoViewController.swift in Sources */ = {isa = PBXBuildFile; fileRef = 5616A73B2862025B006EFE81 /* AddTodoViewController.swift */; };
		5616A73E286202A0006EFE81 /* AddTodo.storyboard in Resources */ = {isa = PBXBuildFile; fileRef = 5616A73D286202A0006EFE81 /* AddTodo.storyboard */; };
		5616A740286281DD006EFE81 /* TodoListPresenter.swift in Sources */ = {isa = PBXBuildFile; fileRef = 5616A73F286281DD006EFE81 /* TodoListPresenter.swift */; };
		5616A74728636514006EFE81 /* UIStoryboard.swift in Sources */ = {isa = PBXBuildFile; fileRef = 5616A74628636514006EFE81 /* UIStoryboard.swift */; };
		5616A7572865E9AD006EFE81 /* UIViewController+Extention.swift in Sources */ = {isa = PBXBuildFile; fileRef = 5616A7562865E9AD006EFE81 /* UIViewController+Extention.swift */; };
		5616A75928668854006EFE81 /* AddTodoPresenter.swift in Sources */ = {isa = PBXBuildFile; fileRef = 5616A75828668854006EFE81 /* AddTodoPresenter.swift */; };
		5616A75B28668F54006EFE81 /* String+Extention.swift in Sources */ = {isa = PBXBuildFile; fileRef = 5616A75A28668F54006EFE81 /* String+Extention.swift */; };
		5616A75D2866981B006EFE81 /* AddTodoInteractor.swift in Sources */ = {isa = PBXBuildFile; fileRef = 5616A75C2866981B006EFE81 /* AddTodoInteractor.swift */; };
		5616A75F2866A043006EFE81 /* TodoListInteractor.swift in Sources */ = {isa = PBXBuildFile; fileRef = 5616A75E2866A043006EFE81 /* TodoListInteractor.swift */; };
		5616A7612866E988006EFE81 /* AddTodoEntity.swift in Sources */ = {isa = PBXBuildFile; fileRef = 5616A7602866E988006EFE81 /* AddTodoEntity.swift */; };
		5616A76328672A64006EFE81 /* DetailTodo.storyboard in Resources */ = {isa = PBXBuildFile; fileRef = 5616A76228672A64006EFE81 /* DetailTodo.storyboard */; };
		5616A76528672A84006EFE81 /* DetailTodoViewController.swift in Sources */ = {isa = PBXBuildFile; fileRef = 5616A76428672A84006EFE81 /* DetailTodoViewController.swift */; };
		5616A76728672AA8006EFE81 /* DetailTodoInteractor.swift in Sources */ = {isa = PBXBuildFile; fileRef = 5616A76628672AA8006EFE81 /* DetailTodoInteractor.swift */; };
		5616A76928672AB8006EFE81 /* DetailTodoPresenter.swift in Sources */ = {isa = PBXBuildFile; fileRef = 5616A76828672AB8006EFE81 /* DetailTodoPresenter.swift */; };
		5616A76B28672AD0006EFE81 /* DetailTodoRouter.swift in Sources */ = {isa = PBXBuildFile; fileRef = 5616A76A28672AD0006EFE81 /* DetailTodoRouter.swift */; };
		5616A76D2867399D006EFE81 /* UIResponder.swift in Sources */ = {isa = PBXBuildFile; fileRef = 5616A76C2867399D006EFE81 /* UIResponder.swift */; };
		56529E712898076A00B5D7EB /* TodoListInteractorOutput.swift in Sources */ = {isa = PBXBuildFile; fileRef = 56529E702898076A00B5D7EB /* TodoListInteractorOutput.swift */; };
		56D6023728965BA10094A7C0 /* TodoListInteractorTests.swift in Sources */ = {isa = PBXBuildFile; fileRef = 56D6023628965BA10094A7C0 /* TodoListInteractorTests.swift */; };
		56D6023928965C540094A7C0 /* TodoListPresenterTests.swift in Sources */ = {isa = PBXBuildFile; fileRef = 56D6023828965C540094A7C0 /* TodoListPresenterTests.swift */; };
		56D6023B28965DF50094A7C0 /* MockTodoListPresenter.swift in Sources */ = {isa = PBXBuildFile; fileRef = 56D6023A28965DF50094A7C0 /* MockTodoListPresenter.swift */; };
		56D6023F28965F340094A7C0 /* MockTodoListRouter.swift in Sources */ = {isa = PBXBuildFile; fileRef = 56D6023E28965F340094A7C0 /* MockTodoListRouter.swift */; };
		56D602412896607A0094A7C0 /* MockTodoListView.swift in Sources */ = {isa = PBXBuildFile; fileRef = 56D602402896607A0094A7C0 /* MockTodoListView.swift */; };
		56D60243289660EE0094A7C0 /* MockTodoListInteractor.swift in Sources */ = {isa = PBXBuildFile; fileRef = 56D60242289660EE0094A7C0 /* MockTodoListInteractor.swift */; };
		5E498224BDDBE3CE1796C88D /* Pods_TODO_VIPER_TODO_VIPERUITests.framework in Frameworks */ = {isa = PBXBuildFile; fileRef = 7B2A6BF0A8CE007FB6019CD1 /* Pods_TODO_VIPER_TODO_VIPERUITests.framework */; };
		7A5B0CC9BE6E26809FA00C4B /* Pods_TODO_VIPER.framework in Frameworks */ = {isa = PBXBuildFile; fileRef = 86D8430063DEA68D3599F6FB /* Pods_TODO_VIPER.framework */; };
/* End PBXBuildFile section */

/* Begin PBXContainerItemProxy section */
		5616A7132860BA29006EFE81 /* PBXContainerItemProxy */ = {
			isa = PBXContainerItemProxy;
			containerPortal = 5616A6F42860BA28006EFE81 /* Project object */;
			proxyType = 1;
			remoteGlobalIDString = 5616A6FB2860BA28006EFE81;
			remoteInfo = TODO_VIPER;
		};
		5616A71D2860BA29006EFE81 /* PBXContainerItemProxy */ = {
			isa = PBXContainerItemProxy;
			containerPortal = 5616A6F42860BA28006EFE81 /* Project object */;
			proxyType = 1;
			remoteGlobalIDString = 5616A6FB2860BA28006EFE81;
			remoteInfo = TODO_VIPER;
		};
/* End PBXContainerItemProxy section */

/* Begin PBXFileReference section */
		0C3C5CD53709362F574B449E /* Pods-TODO_VIPER.release.xcconfig */ = {isa = PBXFileReference; includeInIndex = 1; lastKnownFileType = text.xcconfig; name = "Pods-TODO_VIPER.release.xcconfig"; path = "Target Support Files/Pods-TODO_VIPER/Pods-TODO_VIPER.release.xcconfig"; sourceTree = "<group>"; };
		41CE7CDC79EE655FEF7C3198 /* Pods-TODO_VIPERTests.release.xcconfig */ = {isa = PBXFileReference; includeInIndex = 1; lastKnownFileType = text.xcconfig; name = "Pods-TODO_VIPERTests.release.xcconfig"; path = "Target Support Files/Pods-TODO_VIPERTests/Pods-TODO_VIPERTests.release.xcconfig"; sourceTree = "<group>"; };
		51E0D7A380525F9601FFD946 /* Pods-TODO_VIPERTests.debug.xcconfig */ = {isa = PBXFileReference; includeInIndex = 1; lastKnownFileType = text.xcconfig; name = "Pods-TODO_VIPERTests.debug.xcconfig"; path = "Target Support Files/Pods-TODO_VIPERTests/Pods-TODO_VIPERTests.debug.xcconfig"; sourceTree = "<group>"; };
		5616A6FC2860BA28006EFE81 /* TODO_VIPER.app */ = {isa = PBXFileReference; explicitFileType = wrapper.application; includeInIndex = 0; path = TODO_VIPER.app; sourceTree = BUILT_PRODUCTS_DIR; };
		5616A6FF2860BA28006EFE81 /* AppDelegate.swift */ = {isa = PBXFileReference; lastKnownFileType = sourcecode.swift; path = AppDelegate.swift; sourceTree = "<group>"; };
		5616A7012860BA28006EFE81 /* SceneDelegate.swift */ = {isa = PBXFileReference; lastKnownFileType = sourcecode.swift; path = SceneDelegate.swift; sourceTree = "<group>"; };
		5616A7032860BA28006EFE81 /* TodoListViewController.swift */ = {isa = PBXFileReference; lastKnownFileType = sourcecode.swift; path = TodoListViewController.swift; sourceTree = "<group>"; };
		5616A7062860BA28006EFE81 /* Base */ = {isa = PBXFileReference; lastKnownFileType = file.storyboard; name = Base; path = Base.lproj/TodoList.storyboard; sourceTree = "<group>"; };
		5616A7082860BA29006EFE81 /* Assets.xcassets */ = {isa = PBXFileReference; lastKnownFileType = folder.assetcatalog; path = Assets.xcassets; sourceTree = "<group>"; };
		5616A70B2860BA29006EFE81 /* Base */ = {isa = PBXFileReference; lastKnownFileType = file.storyboard; name = Base; path = Base.lproj/LaunchScreen.storyboard; sourceTree = "<group>"; };
		5616A70D2860BA29006EFE81 /* Info.plist */ = {isa = PBXFileReference; lastKnownFileType = text.plist.xml; path = Info.plist; sourceTree = "<group>"; };
		5616A7122860BA29006EFE81 /* TODO_VIPERTests.xctest */ = {isa = PBXFileReference; explicitFileType = wrapper.cfbundle; includeInIndex = 0; path = TODO_VIPERTests.xctest; sourceTree = BUILT_PRODUCTS_DIR; };
		5616A71C2860BA29006EFE81 /* TODO_VIPERUITests.xctest */ = {isa = PBXFileReference; explicitFileType = wrapper.cfbundle; includeInIndex = 0; path = TODO_VIPERUITests.xctest; sourceTree = BUILT_PRODUCTS_DIR; };
		5616A7202860BA29006EFE81 /* TODOVIPERUITests.swift */ = {isa = PBXFileReference; lastKnownFileType = sourcecode.swift; path = TODOVIPERUITests.swift; sourceTree = "<group>"; };
		5616A7222860BA29006EFE81 /* TODOVIPERUITestsLaunchTests.swift */ = {isa = PBXFileReference; lastKnownFileType = sourcecode.swift; path = TODOVIPERUITestsLaunchTests.swift; sourceTree = "<group>"; };
		5616A72F286138E5006EFE81 /* TodoListTableViewCell.swift */ = {isa = PBXFileReference; lastKnownFileType = sourcecode.swift; path = TodoListTableViewCell.swift; sourceTree = "<group>"; };
		5616A7312861F3A6006EFE81 /* TodoListEntity.swift */ = {isa = PBXFileReference; lastKnownFileType = sourcecode.swift; path = TodoListEntity.swift; sourceTree = "<group>"; };
		5616A73728620220006EFE81 /* TodoListRouter.swift */ = {isa = PBXFileReference; lastKnownFileType = sourcecode.swift; path = TodoListRouter.swift; sourceTree = "<group>"; };
		5616A7392862023F006EFE81 /* AddTodoRouter.swift */ = {isa = PBXFileReference; lastKnownFileType = sourcecode.swift; path = AddTodoRouter.swift; sourceTree = "<group>"; };
		5616A73B2862025B006EFE81 /* AddTodoViewController.swift */ = {isa = PBXFileReference; lastKnownFileType = sourcecode.swift; path = AddTodoViewController.swift; sourceTree = "<group>"; };
		5616A73D286202A0006EFE81 /* AddTodo.storyboard */ = {isa = PBXFileReference; lastKnownFileType = file.storyboard; path = AddTodo.storyboard; sourceTree = "<group>"; };
		5616A73F286281DD006EFE81 /* TodoListPresenter.swift */ = {isa = PBXFileReference; lastKnownFileType = sourcecode.swift; path = TodoListPresenter.swift; sourceTree = "<group>"; };
		5616A74628636514006EFE81 /* UIStoryboard.swift */ = {isa = PBXFileReference; lastKnownFileType = sourcecode.swift; path = UIStoryboard.swift; sourceTree = "<group>"; };
		5616A7562865E9AD006EFE81 /* UIViewController+Extention.swift */ = {isa = PBXFileReference; lastKnownFileType = sourcecode.swift; path = "UIViewController+Extention.swift"; sourceTree = "<group>"; };
		5616A75828668854006EFE81 /* AddTodoPresenter.swift */ = {isa = PBXFileReference; lastKnownFileType = sourcecode.swift; path = AddTodoPresenter.swift; sourceTree = "<group>"; };
		5616A75A28668F54006EFE81 /* String+Extention.swift */ = {isa = PBXFileReference; lastKnownFileType = sourcecode.swift; path = "String+Extention.swift"; sourceTree = "<group>"; };
		5616A75C2866981B006EFE81 /* AddTodoInteractor.swift */ = {isa = PBXFileReference; lastKnownFileType = sourcecode.swift; path = AddTodoInteractor.swift; sourceTree = "<group>"; };
		5616A75E2866A043006EFE81 /* TodoListInteractor.swift */ = {isa = PBXFileReference; lastKnownFileType = sourcecode.swift; path = TodoListInteractor.swift; sourceTree = "<group>"; };
		5616A7602866E988006EFE81 /* AddTodoEntity.swift */ = {isa = PBXFileReference; lastKnownFileType = sourcecode.swift; path = AddTodoEntity.swift; sourceTree = "<group>"; };
		5616A76228672A64006EFE81 /* DetailTodo.storyboard */ = {isa = PBXFileReference; lastKnownFileType = file.storyboard; path = DetailTodo.storyboard; sourceTree = "<group>"; };
		5616A76428672A84006EFE81 /* DetailTodoViewController.swift */ = {isa = PBXFileReference; lastKnownFileType = sourcecode.swift; path = DetailTodoViewController.swift; sourceTree = "<group>"; };
		5616A76628672AA8006EFE81 /* DetailTodoInteractor.swift */ = {isa = PBXFileReference; lastKnownFileType = sourcecode.swift; path = DetailTodoInteractor.swift; sourceTree = "<group>"; };
		5616A76828672AB8006EFE81 /* DetailTodoPresenter.swift */ = {isa = PBXFileReference; lastKnownFileType = sourcecode.swift; path = DetailTodoPresenter.swift; sourceTree = "<group>"; };
		5616A76A28672AD0006EFE81 /* DetailTodoRouter.swift */ = {isa = PBXFileReference; lastKnownFileType = sourcecode.swift; path = DetailTodoRouter.swift; sourceTree = "<group>"; };
		5616A76C2867399D006EFE81 /* UIResponder.swift */ = {isa = PBXFileReference; lastKnownFileType = sourcecode.swift; path = UIResponder.swift; sourceTree = "<group>"; };
		56529E702898076A00B5D7EB /* TodoListInteractorOutput.swift */ = {isa = PBXFileReference; lastKnownFileType = sourcecode.swift; path = TodoListInteractorOutput.swift; sourceTree = "<group>"; };
		56D6023628965BA10094A7C0 /* TodoListInteractorTests.swift */ = {isa = PBXFileReference; lastKnownFileType = sourcecode.swift; path = TodoListInteractorTests.swift; sourceTree = "<group>"; };
		56D6023828965C540094A7C0 /* TodoListPresenterTests.swift */ = {isa = PBXFileReference; lastKnownFileType = sourcecode.swift; path = TodoListPresenterTests.swift; sourceTree = "<group>"; };
		56D6023A28965DF50094A7C0 /* MockTodoListPresenter.swift */ = {isa = PBXFileReference; lastKnownFileType = sourcecode.swift; path = MockTodoListPresenter.swift; sourceTree = "<group>"; };
		56D6023E28965F340094A7C0 /* MockTodoListRouter.swift */ = {isa = PBXFileReference; lastKnownFileType = sourcecode.swift; path = MockTodoListRouter.swift; sourceTree = "<group>"; };
		56D602402896607A0094A7C0 /* MockTodoListView.swift */ = {isa = PBXFileReference; lastKnownFileType = sourcecode.swift; path = MockTodoListView.swift; sourceTree = "<group>"; };
		56D60242289660EE0094A7C0 /* MockTodoListInteractor.swift */ = {isa = PBXFileReference; lastKnownFileType = sourcecode.swift; path = MockTodoListInteractor.swift; sourceTree = "<group>"; };
		74C25CB9835D1164AAE6203A /* Pods-TODO_VIPER-TODO_VIPERUITests.debug.xcconfig */ = {isa = PBXFileReference; includeInIndex = 1; lastKnownFileType = text.xcconfig; name = "Pods-TODO_VIPER-TODO_VIPERUITests.debug.xcconfig"; path = "Target Support Files/Pods-TODO_VIPER-TODO_VIPERUITests/Pods-TODO_VIPER-TODO_VIPERUITests.debug.xcconfig"; sourceTree = "<group>"; };
		7B2A6BF0A8CE007FB6019CD1 /* Pods_TODO_VIPER_TODO_VIPERUITests.framework */ = {isa = PBXFileReference; explicitFileType = wrapper.framework; includeInIndex = 0; path = Pods_TODO_VIPER_TODO_VIPERUITests.framework; sourceTree = BUILT_PRODUCTS_DIR; };
		86D8430063DEA68D3599F6FB /* Pods_TODO_VIPER.framework */ = {isa = PBXFileReference; explicitFileType = wrapper.framework; includeInIndex = 0; path = Pods_TODO_VIPER.framework; sourceTree = BUILT_PRODUCTS_DIR; };
		86E1760E90CAB8BA55543AE6 /* Pods-TODO_VIPER.debug.xcconfig */ = {isa = PBXFileReference; includeInIndex = 1; lastKnownFileType = text.xcconfig; name = "Pods-TODO_VIPER.debug.xcconfig"; path = "Target Support Files/Pods-TODO_VIPER/Pods-TODO_VIPER.debug.xcconfig"; sourceTree = "<group>"; };
		9F39625B71AAFF9AE01DDFCD /* Pods_TODO_VIPERTests.framework */ = {isa = PBXFileReference; explicitFileType = wrapper.framework; includeInIndex = 0; path = Pods_TODO_VIPERTests.framework; sourceTree = BUILT_PRODUCTS_DIR; };
		BDE63D1ECD15F228BCE4694D /* Pods-TODO_VIPER-TODO_VIPERUITests.release.xcconfig */ = {isa = PBXFileReference; includeInIndex = 1; lastKnownFileType = text.xcconfig; name = "Pods-TODO_VIPER-TODO_VIPERUITests.release.xcconfig"; path = "Target Support Files/Pods-TODO_VIPER-TODO_VIPERUITests/Pods-TODO_VIPER-TODO_VIPERUITests.release.xcconfig"; sourceTree = "<group>"; };
/* End PBXFileReference section */

/* Begin PBXFrameworksBuildPhase section */
		5616A6F92860BA28006EFE81 /* Frameworks */ = {
			isa = PBXFrameworksBuildPhase;
			buildActionMask = 2147483647;
			files = (
				7A5B0CC9BE6E26809FA00C4B /* Pods_TODO_VIPER.framework in Frameworks */,
			);
			runOnlyForDeploymentPostprocessing = 0;
		};
		5616A70F2860BA29006EFE81 /* Frameworks */ = {
			isa = PBXFrameworksBuildPhase;
			buildActionMask = 2147483647;
			files = (
				2FBAFBA58AFA3A9BE569246C /* Pods_TODO_VIPERTests.framework in Frameworks */,
			);
			runOnlyForDeploymentPostprocessing = 0;
		};
		5616A7192860BA29006EFE81 /* Frameworks */ = {
			isa = PBXFrameworksBuildPhase;
			buildActionMask = 2147483647;
			files = (
				5E498224BDDBE3CE1796C88D /* Pods_TODO_VIPER_TODO_VIPERUITests.framework in Frameworks */,
			);
			runOnlyForDeploymentPostprocessing = 0;
		};
/* End PBXFrameworksBuildPhase section */

/* Begin PBXGroup section */
		00B7C0EF2537456FFB132B0F /* Frameworks */ = {
			isa = PBXGroup;
			children = (
				86D8430063DEA68D3599F6FB /* Pods_TODO_VIPER.framework */,
				7B2A6BF0A8CE007FB6019CD1 /* Pods_TODO_VIPER_TODO_VIPERUITests.framework */,
				9F39625B71AAFF9AE01DDFCD /* Pods_TODO_VIPERTests.framework */,
			);
			name = Frameworks;
			sourceTree = "<group>";
		};
		16D7578A210781CCFE5C317C /* Pods */ = {
			isa = PBXGroup;
			children = (
				86E1760E90CAB8BA55543AE6 /* Pods-TODO_VIPER.debug.xcconfig */,
				0C3C5CD53709362F574B449E /* Pods-TODO_VIPER.release.xcconfig */,
				74C25CB9835D1164AAE6203A /* Pods-TODO_VIPER-TODO_VIPERUITests.debug.xcconfig */,
				BDE63D1ECD15F228BCE4694D /* Pods-TODO_VIPER-TODO_VIPERUITests.release.xcconfig */,
				51E0D7A380525F9601FFD946 /* Pods-TODO_VIPERTests.debug.xcconfig */,
				41CE7CDC79EE655FEF7C3198 /* Pods-TODO_VIPERTests.release.xcconfig */,
			);
			path = Pods;
			sourceTree = "<group>";
		};
		5616A6F32860BA28006EFE81 = {
			isa = PBXGroup;
			children = (
				5616A6FE2860BA28006EFE81 /* TODO_VIPER */,
				5616A7152860BA29006EFE81 /* TODO_VIPERTests */,
				5616A71F2860BA29006EFE81 /* TODO_VIPERUITests */,
				5616A6FD2860BA28006EFE81 /* Products */,
				16D7578A210781CCFE5C317C /* Pods */,
				00B7C0EF2537456FFB132B0F /* Frameworks */,
			);
			sourceTree = "<group>";
		};
		5616A6FD2860BA28006EFE81 /* Products */ = {
			isa = PBXGroup;
			children = (
				5616A6FC2860BA28006EFE81 /* TODO_VIPER.app */,
				5616A7122860BA29006EFE81 /* TODO_VIPERTests.xctest */,
				5616A71C2860BA29006EFE81 /* TODO_VIPERUITests.xctest */,
			);
			name = Products;
			sourceTree = "<group>";
		};
		5616A6FE2860BA28006EFE81 /* TODO_VIPER */ = {
			isa = PBXGroup;
			children = (
				5616A7482865E3F9006EFE81 /* TodoList */,
				5616A7492865E432006EFE81 /* AddTodo */,
				5616A74E2865E473006EFE81 /* DetailTodo */,
				5616A745286364F9006EFE81 /* Extention */,
				5616A6FF2860BA28006EFE81 /* AppDelegate.swift */,
				5616A7012860BA28006EFE81 /* SceneDelegate.swift */,
				5616A7082860BA29006EFE81 /* Assets.xcassets */,
				5616A70A2860BA29006EFE81 /* LaunchScreen.storyboard */,
				5616A70D2860BA29006EFE81 /* Info.plist */,
			);
			path = TODO_VIPER;
			sourceTree = "<group>";
		};
		5616A7152860BA29006EFE81 /* TODO_VIPERTests */ = {
			isa = PBXGroup;
			children = (
				56D6023D28965EF60094A7C0 /* TodoList */,
			);
			path = TODO_VIPERTests;
			sourceTree = "<group>";
		};
		5616A71F2860BA29006EFE81 /* TODO_VIPERUITests */ = {
			isa = PBXGroup;
			children = (
				5616A7202860BA29006EFE81 /* TODOVIPERUITests.swift */,
				5616A7222860BA29006EFE81 /* TODOVIPERUITestsLaunchTests.swift */,
			);
			path = TODO_VIPERUITests;
			sourceTree = "<group>";
		};
		5616A74128634313006EFE81 /* Presenter */ = {
			isa = PBXGroup;
			children = (
				5616A73F286281DD006EFE81 /* TodoListPresenter.swift */,
			);
			path = Presenter;
			sourceTree = "<group>";
		};
		5616A742286347AF006EFE81 /* Router */ = {
			isa = PBXGroup;
			children = (
				5616A73728620220006EFE81 /* TodoListRouter.swift */,
			);
			path = Router;
			sourceTree = "<group>";
		};
		5616A74328635D84006EFE81 /* View */ = {
			isa = PBXGroup;
			children = (
				5616A7032860BA28006EFE81 /* TodoListViewController.swift */,
				5616A7052860BA28006EFE81 /* TodoList.storyboard */,
				5616A72F286138E5006EFE81 /* TodoListTableViewCell.swift */,
			);
			path = View;
			sourceTree = "<group>";
		};
		5616A74428635DC6006EFE81 /* Entity */ = {
			isa = PBXGroup;
			children = (
				5616A7312861F3A6006EFE81 /* TodoListEntity.swift */,
			);
			path = Entity;
			sourceTree = "<group>";
		};
		5616A745286364F9006EFE81 /* Extention */ = {
			isa = PBXGroup;
			children = (
				5616A74628636514006EFE81 /* UIStoryboard.swift */,
				5616A76C2867399D006EFE81 /* UIResponder.swift */,
				5616A7562865E9AD006EFE81 /* UIViewController+Extention.swift */,
				5616A75A28668F54006EFE81 /* String+Extention.swift */,
			);
			path = Extention;
			sourceTree = "<group>";
		};
		5616A7482865E3F9006EFE81 /* TodoList */ = {
			isa = PBXGroup;
			children = (
				5616A74328635D84006EFE81 /* View */,
				5616A7502865E4AC006EFE81 /* Interactor */,
				5616A74128634313006EFE81 /* Presenter */,
				5616A74428635DC6006EFE81 /* Entity */,
				5616A742286347AF006EFE81 /* Router */,
			);
			path = TodoList;
			sourceTree = "<group>";
		};
		5616A7492865E432006EFE81 /* AddTodo */ = {
			isa = PBXGroup;
			children = (
				5616A74D2865E467006EFE81 /* View */,
				5616A74F2865E494006EFE81 /* Interactor */,
				5616A74C2865E45F006EFE81 /* Presetner */,
				5616A74B2865E458006EFE81 /* Entity */,
				5616A74A2865E450006EFE81 /* Router */,
			);
			path = AddTodo;
			sourceTree = "<group>";
		};
		5616A74A2865E450006EFE81 /* Router */ = {
			isa = PBXGroup;
			children = (
				5616A7392862023F006EFE81 /* AddTodoRouter.swift */,
			);
			path = Router;
			sourceTree = "<group>";
		};
		5616A74B2865E458006EFE81 /* Entity */ = {
			isa = PBXGroup;
			children = (
				5616A7602866E988006EFE81 /* AddTodoEntity.swift */,
			);
			path = Entity;
			sourceTree = "<group>";
		};
		5616A74C2865E45F006EFE81 /* Presetner */ = {
			isa = PBXGroup;
			children = (
				5616A75828668854006EFE81 /* AddTodoPresenter.swift */,
			);
			path = Presetner;
			sourceTree = "<group>";
		};
		5616A74D2865E467006EFE81 /* View */ = {
			isa = PBXGroup;
			children = (
				5616A73B2862025B006EFE81 /* AddTodoViewController.swift */,
				5616A73D286202A0006EFE81 /* AddTodo.storyboard */,
			);
			path = View;
			sourceTree = "<group>";
		};
		5616A74E2865E473006EFE81 /* DetailTodo */ = {
			isa = PBXGroup;
			children = (
				5616A7512865E4BF006EFE81 /* View */,
				5616A7552865E4F2006EFE81 /* Interactor */,
				5616A7542865E4DA006EFE81 /* Presenter */,
				5616A7532865E4D1006EFE81 /* Entity */,
				5616A7522865E4C8006EFE81 /* Router */,
			);
			path = DetailTodo;
			sourceTree = "<group>";
		};
		5616A74F2865E494006EFE81 /* Interactor */ = {
			isa = PBXGroup;
			children = (
				5616A75C2866981B006EFE81 /* AddTodoInteractor.swift */,
			);
			path = Interactor;
			sourceTree = "<group>";
		};
		5616A7502865E4AC006EFE81 /* Interactor */ = {
			isa = PBXGroup;
			children = (
				5616A75E2866A043006EFE81 /* TodoListInteractor.swift */,
				56529E702898076A00B5D7EB /* TodoListInteractorOutput.swift */,
			);
			path = Interactor;
			sourceTree = "<group>";
		};
		5616A7512865E4BF006EFE81 /* View */ = {
			isa = PBXGroup;
			children = (
				5616A76428672A84006EFE81 /* DetailTodoViewController.swift */,
				5616A76228672A64006EFE81 /* DetailTodo.storyboard */,
			);
			path = View;
			sourceTree = "<group>";
		};
		5616A7522865E4C8006EFE81 /* Router */ = {
			isa = PBXGroup;
			children = (
				5616A76A28672AD0006EFE81 /* DetailTodoRouter.swift */,
			);
			path = Router;
			sourceTree = "<group>";
		};
		5616A7532865E4D1006EFE81 /* Entity */ = {
			isa = PBXGroup;
			children = (
			);
			path = Entity;
			sourceTree = "<group>";
		};
		5616A7542865E4DA006EFE81 /* Presenter */ = {
			isa = PBXGroup;
			children = (
				5616A76828672AB8006EFE81 /* DetailTodoPresenter.swift */,
			);
			path = Presenter;
			sourceTree = "<group>";
		};
		5616A7552865E4F2006EFE81 /* Interactor */ = {
			isa = PBXGroup;
			children = (
				5616A76628672AA8006EFE81 /* DetailTodoInteractor.swift */,
			);
			path = Interactor;
			sourceTree = "<group>";
		};
		56D6023C28965EEA0094A7C0 /* Mock */ = {
			isa = PBXGroup;
			children = (
				56D6023A28965DF50094A7C0 /* MockTodoListPresenter.swift */,
				56D6023E28965F340094A7C0 /* MockTodoListRouter.swift */,
				56D602402896607A0094A7C0 /* MockTodoListView.swift */,
				56D60242289660EE0094A7C0 /* MockTodoListInteractor.swift */,
			);
			path = Mock;
			sourceTree = "<group>";
		};
		56D6023D28965EF60094A7C0 /* TodoList */ = {
			isa = PBXGroup;
			children = (
				56D6023628965BA10094A7C0 /* TodoListInteractorTests.swift */,
				56D6023828965C540094A7C0 /* TodoListPresenterTests.swift */,
				56D6023C28965EEA0094A7C0 /* Mock */,
			);
			path = TodoList;
			sourceTree = "<group>";
		};
/* End PBXGroup section */

/* Begin PBXNativeTarget section */
		5616A6FB2860BA28006EFE81 /* TODO_VIPER */ = {
			isa = PBXNativeTarget;
			buildConfigurationList = 5616A7262860BA29006EFE81 /* Build configuration list for PBXNativeTarget "TODO_VIPER" */;
			buildPhases = (
				F44CF6ECACAF7F3107648A0F /* [CP] Check Pods Manifest.lock */,
				5616A6F82860BA28006EFE81 /* Sources */,
				5616A6F92860BA28006EFE81 /* Frameworks */,
				5616A6FA2860BA28006EFE81 /* Resources */,
				7A42F6E5724E2F7C75138B6F /* [CP] Embed Pods Frameworks */,
				56D602332894C9530094A7C0 /* ShellScript */,
			);
			buildRules = (
			);
			dependencies = (
			);
			name = TODO_VIPER;
			productName = TODO_VIPER;
			productReference = 5616A6FC2860BA28006EFE81 /* TODO_VIPER.app */;
			productType = "com.apple.product-type.application";
		};
		5616A7112860BA29006EFE81 /* TODO_VIPERTests */ = {
			isa = PBXNativeTarget;
			buildConfigurationList = 5616A7292860BA29006EFE81 /* Build configuration list for PBXNativeTarget "TODO_VIPERTests" */;
			buildPhases = (
				D28B38B6AB1C9EE9BE07D773 /* [CP] Check Pods Manifest.lock */,
				5616A70E2860BA29006EFE81 /* Sources */,
				5616A70F2860BA29006EFE81 /* Frameworks */,
				5616A7102860BA29006EFE81 /* Resources */,
			);
			buildRules = (
			);
			dependencies = (
				5616A7142860BA29006EFE81 /* PBXTargetDependency */,
			);
			name = TODO_VIPERTests;
			productName = TODO_VIPERTests;
			productReference = 5616A7122860BA29006EFE81 /* TODO_VIPERTests.xctest */;
			productType = "com.apple.product-type.bundle.unit-test";
		};
		5616A71B2860BA29006EFE81 /* TODO_VIPERUITests */ = {
			isa = PBXNativeTarget;
			buildConfigurationList = 5616A72C2860BA29006EFE81 /* Build configuration list for PBXNativeTarget "TODO_VIPERUITests" */;
			buildPhases = (
				949D97891FF86A76EC1DECA8 /* [CP] Check Pods Manifest.lock */,
				5616A7182860BA29006EFE81 /* Sources */,
				5616A7192860BA29006EFE81 /* Frameworks */,
				5616A71A2860BA29006EFE81 /* Resources */,
				9B2C46E8F1B74D28411B9383 /* [CP] Embed Pods Frameworks */,
			);
			buildRules = (
			);
			dependencies = (
				5616A71E2860BA29006EFE81 /* PBXTargetDependency */,
			);
			name = TODO_VIPERUITests;
			productName = TODO_VIPERUITests;
			productReference = 5616A71C2860BA29006EFE81 /* TODO_VIPERUITests.xctest */;
			productType = "com.apple.product-type.bundle.ui-testing";
		};
/* End PBXNativeTarget section */

/* Begin PBXProject section */
		5616A6F42860BA28006EFE81 /* Project object */ = {
			isa = PBXProject;
			attributes = {
				BuildIndependentTargetsInParallel = 1;
				LastSwiftUpdateCheck = 1330;
				LastUpgradeCheck = 1330;
				TargetAttributes = {
					5616A6FB2860BA28006EFE81 = {
						CreatedOnToolsVersion = 13.3.1;
					};
					5616A7112860BA29006EFE81 = {
						CreatedOnToolsVersion = 13.3.1;
						TestTargetID = 5616A6FB2860BA28006EFE81;
					};
					5616A71B2860BA29006EFE81 = {
						CreatedOnToolsVersion = 13.3.1;
						TestTargetID = 5616A6FB2860BA28006EFE81;
					};
				};
			};
			buildConfigurationList = 5616A6F72860BA28006EFE81 /* Build configuration list for PBXProject "TODO_VIPER" */;
			compatibilityVersion = "Xcode 13.0";
			developmentRegion = en;
			hasScannedForEncodings = 0;
			knownRegions = (
				en,
				Base,
			);
			mainGroup = 5616A6F32860BA28006EFE81;
			productRefGroup = 5616A6FD2860BA28006EFE81 /* Products */;
			projectDirPath = "";
			projectRoot = "";
			targets = (
				5616A6FB2860BA28006EFE81 /* TODO_VIPER */,
				5616A7112860BA29006EFE81 /* TODO_VIPERTests */,
				5616A71B2860BA29006EFE81 /* TODO_VIPERUITests */,
			);
		};
/* End PBXProject section */

/* Begin PBXResourcesBuildPhase section */
		5616A6FA2860BA28006EFE81 /* Resources */ = {
			isa = PBXResourcesBuildPhase;
			buildActionMask = 2147483647;
			files = (
				5616A70C2860BA29006EFE81 /* LaunchScreen.storyboard in Resources */,
				5616A7092860BA29006EFE81 /* Assets.xcassets in Resources */,
				5616A73E286202A0006EFE81 /* AddTodo.storyboard in Resources */,
				5616A7072860BA28006EFE81 /* TodoList.storyboard in Resources */,
				5616A76328672A64006EFE81 /* DetailTodo.storyboard in Resources */,
			);
			runOnlyForDeploymentPostprocessing = 0;
		};
		5616A7102860BA29006EFE81 /* Resources */ = {
			isa = PBXResourcesBuildPhase;
			buildActionMask = 2147483647;
			files = (
			);
			runOnlyForDeploymentPostprocessing = 0;
		};
		5616A71A2860BA29006EFE81 /* Resources */ = {
			isa = PBXResourcesBuildPhase;
			buildActionMask = 2147483647;
			files = (
			);
			runOnlyForDeploymentPostprocessing = 0;
		};
/* End PBXResourcesBuildPhase section */

/* Begin PBXShellScriptBuildPhase section */
		56D602332894C9530094A7C0 /* ShellScript */ = {
			isa = PBXShellScriptBuildPhase;
			buildActionMask = 2147483647;
			files = (
			);
			inputFileListPaths = (
			);
			inputPaths = (
			);
			outputFileListPaths = (
			);
			outputPaths = (
			);
			runOnlyForDeploymentPostprocessing = 0;
			shellPath = /bin/sh;
			shellScript = "# Type a script or drag a script file from your workspace to insert its path.\nif which swiftlint >/dev/null; then\n  swiftlint\nelse\n  echo \"warning: SwiftLint not installed, download from https://github.com/realm/SwiftLint\"\nfi\n";
		};
		7A42F6E5724E2F7C75138B6F /* [CP] Embed Pods Frameworks */ = {
			isa = PBXShellScriptBuildPhase;
			buildActionMask = 2147483647;
			files = (
			);
			inputFileListPaths = (
				"${PODS_ROOT}/Target Support Files/Pods-TODO_VIPER/Pods-TODO_VIPER-frameworks-${CONFIGURATION}-input-files.xcfilelist",
			);
			name = "[CP] Embed Pods Frameworks";
			outputFileListPaths = (
				"${PODS_ROOT}/Target Support Files/Pods-TODO_VIPER/Pods-TODO_VIPER-frameworks-${CONFIGURATION}-output-files.xcfilelist",
			);
			runOnlyForDeploymentPostprocessing = 0;
			shellPath = /bin/sh;
			shellScript = "\"${PODS_ROOT}/Target Support Files/Pods-TODO_VIPER/Pods-TODO_VIPER-frameworks.sh\"\n";
			showEnvVarsInLog = 0;
		};
		949D97891FF86A76EC1DECA8 /* [CP] Check Pods Manifest.lock */ = {
			isa = PBXShellScriptBuildPhase;
			buildActionMask = 2147483647;
			files = (
			);
			inputFileListPaths = (
			);
			inputPaths = (
				"${PODS_PODFILE_DIR_PATH}/Podfile.lock",
				"${PODS_ROOT}/Manifest.lock",
			);
			name = "[CP] Check Pods Manifest.lock";
			outputFileListPaths = (
			);
			outputPaths = (
				"$(DERIVED_FILE_DIR)/Pods-TODO_VIPER-TODO_VIPERUITests-checkManifestLockResult.txt",
			);
			runOnlyForDeploymentPostprocessing = 0;
			shellPath = /bin/sh;
			shellScript = "diff \"${PODS_PODFILE_DIR_PATH}/Podfile.lock\" \"${PODS_ROOT}/Manifest.lock\" > /dev/null\nif [ $? != 0 ] ; then\n    # print error to STDERR\n    echo \"error: The sandbox is not in sync with the Podfile.lock. Run 'pod install' or update your CocoaPods installation.\" >&2\n    exit 1\nfi\n# This output is used by Xcode 'outputs' to avoid re-running this script phase.\necho \"SUCCESS\" > \"${SCRIPT_OUTPUT_FILE_0}\"\n";
			showEnvVarsInLog = 0;
		};
		9B2C46E8F1B74D28411B9383 /* [CP] Embed Pods Frameworks */ = {
			isa = PBXShellScriptBuildPhase;
			buildActionMask = 2147483647;
			files = (
			);
			inputFileListPaths = (
				"${PODS_ROOT}/Target Support Files/Pods-TODO_VIPER-TODO_VIPERUITests/Pods-TODO_VIPER-TODO_VIPERUITests-frameworks-${CONFIGURATION}-input-files.xcfilelist",
			);
			name = "[CP] Embed Pods Frameworks";
			outputFileListPaths = (
				"${PODS_ROOT}/Target Support Files/Pods-TODO_VIPER-TODO_VIPERUITests/Pods-TODO_VIPER-TODO_VIPERUITests-frameworks-${CONFIGURATION}-output-files.xcfilelist",
			);
			runOnlyForDeploymentPostprocessing = 0;
			shellPath = /bin/sh;
			shellScript = "\"${PODS_ROOT}/Target Support Files/Pods-TODO_VIPER-TODO_VIPERUITests/Pods-TODO_VIPER-TODO_VIPERUITests-frameworks.sh\"\n";
			showEnvVarsInLog = 0;
		};
		D28B38B6AB1C9EE9BE07D773 /* [CP] Check Pods Manifest.lock */ = {
			isa = PBXShellScriptBuildPhase;
			buildActionMask = 2147483647;
			files = (
			);
			inputFileListPaths = (
			);
			inputPaths = (
				"${PODS_PODFILE_DIR_PATH}/Podfile.lock",
				"${PODS_ROOT}/Manifest.lock",
			);
			name = "[CP] Check Pods Manifest.lock";
			outputFileListPaths = (
			);
			outputPaths = (
				"$(DERIVED_FILE_DIR)/Pods-TODO_VIPERTests-checkManifestLockResult.txt",
			);
			runOnlyForDeploymentPostprocessing = 0;
			shellPath = /bin/sh;
			shellScript = "diff \"${PODS_PODFILE_DIR_PATH}/Podfile.lock\" \"${PODS_ROOT}/Manifest.lock\" > /dev/null\nif [ $? != 0 ] ; then\n    # print error to STDERR\n    echo \"error: The sandbox is not in sync with the Podfile.lock. Run 'pod install' or update your CocoaPods installation.\" >&2\n    exit 1\nfi\n# This output is used by Xcode 'outputs' to avoid re-running this script phase.\necho \"SUCCESS\" > \"${SCRIPT_OUTPUT_FILE_0}\"\n";
			showEnvVarsInLog = 0;
		};
		F44CF6ECACAF7F3107648A0F /* [CP] Check Pods Manifest.lock */ = {
			isa = PBXShellScriptBuildPhase;
			buildActionMask = 2147483647;
			files = (
			);
			inputFileListPaths = (
			);
			inputPaths = (
				"${PODS_PODFILE_DIR_PATH}/Podfile.lock",
				"${PODS_ROOT}/Manifest.lock",
			);
			name = "[CP] Check Pods Manifest.lock";
			outputFileListPaths = (
			);
			outputPaths = (
				"$(DERIVED_FILE_DIR)/Pods-TODO_VIPER-checkManifestLockResult.txt",
			);
			runOnlyForDeploymentPostprocessing = 0;
			shellPath = /bin/sh;
			shellScript = "diff \"${PODS_PODFILE_DIR_PATH}/Podfile.lock\" \"${PODS_ROOT}/Manifest.lock\" > /dev/null\nif [ $? != 0 ] ; then\n    # print error to STDERR\n    echo \"error: The sandbox is not in sync with the Podfile.lock. Run 'pod install' or update your CocoaPods installation.\" >&2\n    exit 1\nfi\n# This output is used by Xcode 'outputs' to avoid re-running this script phase.\necho \"SUCCESS\" > \"${SCRIPT_OUTPUT_FILE_0}\"\n";
			showEnvVarsInLog = 0;
		};
/* End PBXShellScriptBuildPhase section */

/* Begin PBXSourcesBuildPhase section */
		5616A6F82860BA28006EFE81 /* Sources */ = {
			isa = PBXSourcesBuildPhase;
			buildActionMask = 2147483647;
			files = (
				5616A75F2866A043006EFE81 /* TodoListInteractor.swift in Sources */,
				5616A74728636514006EFE81 /* UIStoryboard.swift in Sources */,
				5616A76B28672AD0006EFE81 /* DetailTodoRouter.swift in Sources */,
				5616A7042860BA28006EFE81 /* TodoListViewController.swift in Sources */,
				5616A73828620220006EFE81 /* TodoListRouter.swift in Sources */,
				5616A7322861F3A6006EFE81 /* TodoListEntity.swift in Sources */,
				5616A76928672AB8006EFE81 /* DetailTodoPresenter.swift in Sources */,
				5616A7002860BA28006EFE81 /* AppDelegate.swift in Sources */,
				5616A76D2867399D006EFE81 /* UIResponder.swift in Sources */,
				5616A75D2866981B006EFE81 /* AddTodoInteractor.swift in Sources */,
				5616A7612866E988006EFE81 /* AddTodoEntity.swift in Sources */,
				5616A75B28668F54006EFE81 /* String+Extention.swift in Sources */,
				5616A73C2862025B006EFE81 /* AddTodoViewController.swift in Sources */,
				5616A7572865E9AD006EFE81 /* UIViewController+Extention.swift in Sources */,
				5616A76728672AA8006EFE81 /* DetailTodoInteractor.swift in Sources */,
				5616A7022860BA28006EFE81 /* SceneDelegate.swift in Sources */,
				5616A730286138E5006EFE81 /* TodoListTableViewCell.swift in Sources */,
				56529E712898076A00B5D7EB /* TodoListInteractorOutput.swift in Sources */,
				5616A73A2862023F006EFE81 /* AddTodoRouter.swift in Sources */,
				5616A740286281DD006EFE81 /* TodoListPresenter.swift in Sources */,
				5616A75928668854006EFE81 /* AddTodoPresenter.swift in Sources */,
				5616A76528672A84006EFE81 /* DetailTodoViewController.swift in Sources */,
			);
			runOnlyForDeploymentPostprocessing = 0;
		};
		5616A70E2860BA29006EFE81 /* Sources */ = {
			isa = PBXSourcesBuildPhase;
			buildActionMask = 2147483647;
			files = (
				56D6023F28965F340094A7C0 /* MockTodoListRouter.swift in Sources */,
				56D6023928965C540094A7C0 /* TodoListPresenterTests.swift in Sources */,
				56D60243289660EE0094A7C0 /* MockTodoListInteractor.swift in Sources */,
				56D6023728965BA10094A7C0 /* TodoListInteractorTests.swift in Sources */,
				56D6023B28965DF50094A7C0 /* MockTodoListPresenter.swift in Sources */,
				56D602412896607A0094A7C0 /* MockTodoListView.swift in Sources */,
			);
			runOnlyForDeploymentPostprocessing = 0;
		};
		5616A7182860BA29006EFE81 /* Sources */ = {
			isa = PBXSourcesBuildPhase;
			buildActionMask = 2147483647;
			files = (
				5616A7212860BA29006EFE81 /* TODOVIPERUITests.swift in Sources */,
				5616A7232860BA29006EFE81 /* TODOVIPERUITestsLaunchTests.swift in Sources */,
			);
			runOnlyForDeploymentPostprocessing = 0;
		};
/* End PBXSourcesBuildPhase section */

/* Begin PBXTargetDependency section */
		5616A7142860BA29006EFE81 /* PBXTargetDependency */ = {
			isa = PBXTargetDependency;
			target = 5616A6FB2860BA28006EFE81 /* TODO_VIPER */;
			targetProxy = 5616A7132860BA29006EFE81 /* PBXContainerItemProxy */;
		};
		5616A71E2860BA29006EFE81 /* PBXTargetDependency */ = {
			isa = PBXTargetDependency;
			target = 5616A6FB2860BA28006EFE81 /* TODO_VIPER */;
			targetProxy = 5616A71D2860BA29006EFE81 /* PBXContainerItemProxy */;
		};
/* End PBXTargetDependency section */

/* Begin PBXVariantGroup section */
		5616A7052860BA28006EFE81 /* TodoList.storyboard */ = {
			isa = PBXVariantGroup;
			children = (
				5616A7062860BA28006EFE81 /* Base */,
			);
			name = TodoList.storyboard;
			sourceTree = "<group>";
		};
		5616A70A2860BA29006EFE81 /* LaunchScreen.storyboard */ = {
			isa = PBXVariantGroup;
			children = (
				5616A70B2860BA29006EFE81 /* Base */,
			);
			name = LaunchScreen.storyboard;
			sourceTree = "<group>";
		};
/* End PBXVariantGroup section */

/* Begin XCBuildConfiguration section */
		5616A7242860BA29006EFE81 /* Debug */ = {
			isa = XCBuildConfiguration;
			buildSettings = {
				ALWAYS_SEARCH_USER_PATHS = NO;
				CLANG_ANALYZER_NONNULL = YES;
				CLANG_ANALYZER_NUMBER_OBJECT_CONVERSION = YES_AGGRESSIVE;
				CLANG_CXX_LANGUAGE_STANDARD = "gnu++17";
				CLANG_ENABLE_MODULES = YES;
				CLANG_ENABLE_OBJC_ARC = YES;
				CLANG_ENABLE_OBJC_WEAK = YES;
				CLANG_WARN_BLOCK_CAPTURE_AUTORELEASING = YES;
				CLANG_WARN_BOOL_CONVERSION = YES;
				CLANG_WARN_COMMA = YES;
				CLANG_WARN_CONSTANT_CONVERSION = YES;
				CLANG_WARN_DEPRECATED_OBJC_IMPLEMENTATIONS = YES;
				CLANG_WARN_DIRECT_OBJC_ISA_USAGE = YES_ERROR;
				CLANG_WARN_DOCUMENTATION_COMMENTS = YES;
				CLANG_WARN_EMPTY_BODY = YES;
				CLANG_WARN_ENUM_CONVERSION = YES;
				CLANG_WARN_INFINITE_RECURSION = YES;
				CLANG_WARN_INT_CONVERSION = YES;
				CLANG_WARN_NON_LITERAL_NULL_CONVERSION = YES;
				CLANG_WARN_OBJC_IMPLICIT_RETAIN_SELF = YES;
				CLANG_WARN_OBJC_LITERAL_CONVERSION = YES;
				CLANG_WARN_OBJC_ROOT_CLASS = YES_ERROR;
				CLANG_WARN_QUOTED_INCLUDE_IN_FRAMEWORK_HEADER = YES;
				CLANG_WARN_RANGE_LOOP_ANALYSIS = YES;
				CLANG_WARN_STRICT_PROTOTYPES = YES;
				CLANG_WARN_SUSPICIOUS_MOVE = YES;
				CLANG_WARN_UNGUARDED_AVAILABILITY = YES_AGGRESSIVE;
				CLANG_WARN_UNREACHABLE_CODE = YES;
				CLANG_WARN__DUPLICATE_METHOD_MATCH = YES;
				COPY_PHASE_STRIP = NO;
				DEBUG_INFORMATION_FORMAT = dwarf;
				ENABLE_STRICT_OBJC_MSGSEND = YES;
				ENABLE_TESTABILITY = YES;
				GCC_C_LANGUAGE_STANDARD = gnu11;
				GCC_DYNAMIC_NO_PIC = NO;
				GCC_NO_COMMON_BLOCKS = YES;
				GCC_OPTIMIZATION_LEVEL = 0;
				GCC_PREPROCESSOR_DEFINITIONS = (
					"DEBUG=1",
					"$(inherited)",
				);
				GCC_WARN_64_TO_32_BIT_CONVERSION = YES;
				GCC_WARN_ABOUT_RETURN_TYPE = YES_ERROR;
				GCC_WARN_UNDECLARED_SELECTOR = YES;
				GCC_WARN_UNINITIALIZED_AUTOS = YES_AGGRESSIVE;
				GCC_WARN_UNUSED_FUNCTION = YES;
				GCC_WARN_UNUSED_VARIABLE = YES;
				IPHONEOS_DEPLOYMENT_TARGET = 15.4;
				MTL_ENABLE_DEBUG_INFO = INCLUDE_SOURCE;
				MTL_FAST_MATH = YES;
				ONLY_ACTIVE_ARCH = YES;
				SDKROOT = iphoneos;
				SWIFT_ACTIVE_COMPILATION_CONDITIONS = DEBUG;
				SWIFT_OPTIMIZATION_LEVEL = "-Onone";
			};
			name = Debug;
		};
		5616A7252860BA29006EFE81 /* Release */ = {
			isa = XCBuildConfiguration;
			buildSettings = {
				ALWAYS_SEARCH_USER_PATHS = NO;
				CLANG_ANALYZER_NONNULL = YES;
				CLANG_ANALYZER_NUMBER_OBJECT_CONVERSION = YES_AGGRESSIVE;
				CLANG_CXX_LANGUAGE_STANDARD = "gnu++17";
				CLANG_ENABLE_MODULES = YES;
				CLANG_ENABLE_OBJC_ARC = YES;
				CLANG_ENABLE_OBJC_WEAK = YES;
				CLANG_WARN_BLOCK_CAPTURE_AUTORELEASING = YES;
				CLANG_WARN_BOOL_CONVERSION = YES;
				CLANG_WARN_COMMA = YES;
				CLANG_WARN_CONSTANT_CONVERSION = YES;
				CLANG_WARN_DEPRECATED_OBJC_IMPLEMENTATIONS = YES;
				CLANG_WARN_DIRECT_OBJC_ISA_USAGE = YES_ERROR;
				CLANG_WARN_DOCUMENTATION_COMMENTS = YES;
				CLANG_WARN_EMPTY_BODY = YES;
				CLANG_WARN_ENUM_CONVERSION = YES;
				CLANG_WARN_INFINITE_RECURSION = YES;
				CLANG_WARN_INT_CONVERSION = YES;
				CLANG_WARN_NON_LITERAL_NULL_CONVERSION = YES;
				CLANG_WARN_OBJC_IMPLICIT_RETAIN_SELF = YES;
				CLANG_WARN_OBJC_LITERAL_CONVERSION = YES;
				CLANG_WARN_OBJC_ROOT_CLASS = YES_ERROR;
				CLANG_WARN_QUOTED_INCLUDE_IN_FRAMEWORK_HEADER = YES;
				CLANG_WARN_RANGE_LOOP_ANALYSIS = YES;
				CLANG_WARN_STRICT_PROTOTYPES = YES;
				CLANG_WARN_SUSPICIOUS_MOVE = YES;
				CLANG_WARN_UNGUARDED_AVAILABILITY = YES_AGGRESSIVE;
				CLANG_WARN_UNREACHABLE_CODE = YES;
				CLANG_WARN__DUPLICATE_METHOD_MATCH = YES;
				COPY_PHASE_STRIP = NO;
				DEBUG_INFORMATION_FORMAT = "dwarf-with-dsym";
				ENABLE_NS_ASSERTIONS = NO;
				ENABLE_STRICT_OBJC_MSGSEND = YES;
				GCC_C_LANGUAGE_STANDARD = gnu11;
				GCC_NO_COMMON_BLOCKS = YES;
				GCC_WARN_64_TO_32_BIT_CONVERSION = YES;
				GCC_WARN_ABOUT_RETURN_TYPE = YES_ERROR;
				GCC_WARN_UNDECLARED_SELECTOR = YES;
				GCC_WARN_UNINITIALIZED_AUTOS = YES_AGGRESSIVE;
				GCC_WARN_UNUSED_FUNCTION = YES;
				GCC_WARN_UNUSED_VARIABLE = YES;
				IPHONEOS_DEPLOYMENT_TARGET = 15.4;
				MTL_ENABLE_DEBUG_INFO = NO;
				MTL_FAST_MATH = YES;
				SDKROOT = iphoneos;
				SWIFT_COMPILATION_MODE = wholemodule;
				SWIFT_OPTIMIZATION_LEVEL = "-O";
				VALIDATE_PRODUCT = YES;
			};
			name = Release;
		};
		5616A7272860BA29006EFE81 /* Debug */ = {
			isa = XCBuildConfiguration;
			baseConfigurationReference = 86E1760E90CAB8BA55543AE6 /* Pods-TODO_VIPER.debug.xcconfig */;
			buildSettings = {
				ASSETCATALOG_COMPILER_APPICON_NAME = AppIcon;
				ASSETCATALOG_COMPILER_GLOBAL_ACCENT_COLOR_NAME = AccentColor;
				CODE_SIGN_STYLE = Automatic;
				CURRENT_PROJECT_VERSION = 1;
				DEVELOPMENT_TEAM = 9K3B3ZYB2V;
				GENERATE_INFOPLIST_FILE = YES;
				INFOPLIST_FILE = TODO_VIPER/Info.plist;
				INFOPLIST_KEY_UIApplicationSupportsIndirectInputEvents = YES;
				INFOPLIST_KEY_UILaunchStoryboardName = LaunchScreen;
				INFOPLIST_KEY_UISupportedInterfaceOrientations_iPad = "UIInterfaceOrientationPortrait UIInterfaceOrientationPortraitUpsideDown UIInterfaceOrientationLandscapeLeft UIInterfaceOrientationLandscapeRight";
				INFOPLIST_KEY_UISupportedInterfaceOrientations_iPhone = "UIInterfaceOrientationPortrait UIInterfaceOrientationLandscapeLeft UIInterfaceOrientationLandscapeRight";
				LD_RUNPATH_SEARCH_PATHS = (
					"$(inherited)",
					"@executable_path/Frameworks",
				);
				MARKETING_VERSION = 1.0;
				PRODUCT_BUNDLE_IDENTIFIER = "com.waisyard.TODO-VIPER";
				PRODUCT_NAME = "$(TARGET_NAME)";
				SWIFT_EMIT_LOC_STRINGS = YES;
				SWIFT_VERSION = 5.0;
				TARGETED_DEVICE_FAMILY = "1,2";
			};
			name = Debug;
		};
		5616A7282860BA29006EFE81 /* Release */ = {
			isa = XCBuildConfiguration;
			baseConfigurationReference = 0C3C5CD53709362F574B449E /* Pods-TODO_VIPER.release.xcconfig */;
			buildSettings = {
				ASSETCATALOG_COMPILER_APPICON_NAME = AppIcon;
				ASSETCATALOG_COMPILER_GLOBAL_ACCENT_COLOR_NAME = AccentColor;
				CODE_SIGN_STYLE = Automatic;
				CURRENT_PROJECT_VERSION = 1;
				DEVELOPMENT_TEAM = 9K3B3ZYB2V;
				GENERATE_INFOPLIST_FILE = YES;
				INFOPLIST_FILE = TODO_VIPER/Info.plist;
				INFOPLIST_KEY_UIApplicationSupportsIndirectInputEvents = YES;
				INFOPLIST_KEY_UILaunchStoryboardName = LaunchScreen;
				INFOPLIST_KEY_UISupportedInterfaceOrientations_iPad = "UIInterfaceOrientationPortrait UIInterfaceOrientationPortraitUpsideDown UIInterfaceOrientationLandscapeLeft UIInterfaceOrientationLandscapeRight";
				INFOPLIST_KEY_UISupportedInterfaceOrientations_iPhone = "UIInterfaceOrientationPortrait UIInterfaceOrientationLandscapeLeft UIInterfaceOrientationLandscapeRight";
				LD_RUNPATH_SEARCH_PATHS = (
					"$(inherited)",
					"@executable_path/Frameworks",
				);
				MARKETING_VERSION = 1.0;
				PRODUCT_BUNDLE_IDENTIFIER = "com.waisyard.TODO-VIPER";
				PRODUCT_NAME = "$(TARGET_NAME)";
				SWIFT_EMIT_LOC_STRINGS = YES;
				SWIFT_VERSION = 5.0;
				TARGETED_DEVICE_FAMILY = "1,2";
			};
			name = Release;
		};
		5616A72A2860BA29006EFE81 /* Debug */ = {
			isa = XCBuildConfiguration;
			baseConfigurationReference = 51E0D7A380525F9601FFD946 /* Pods-TODO_VIPERTests.debug.xcconfig */;
			buildSettings = {
				ALWAYS_EMBED_SWIFT_STANDARD_LIBRARIES = YES;
				BUNDLE_LOADER = "$(TEST_HOST)";
				CODE_SIGN_STYLE = Automatic;
				CURRENT_PROJECT_VERSION = 1;
				DEVELOPMENT_TEAM = 9K3B3ZYB2V;
				GENERATE_INFOPLIST_FILE = YES;
				IPHONEOS_DEPLOYMENT_TARGET = 15.4;
				MARKETING_VERSION = 1.0;
				PRODUCT_BUNDLE_IDENTIFIER = "com.waisyard.TODO-VIPERTests";
				PRODUCT_NAME = "$(TARGET_NAME)";
				SWIFT_EMIT_LOC_STRINGS = NO;
				SWIFT_VERSION = 5.0;
				TARGETED_DEVICE_FAMILY = "1,2";
				TEST_HOST = "$(BUILT_PRODUCTS_DIR)/TODO_VIPER.app/TODO_VIPER";
			};
			name = Debug;
		};
		5616A72B2860BA29006EFE81 /* Release */ = {
			isa = XCBuildConfiguration;
			baseConfigurationReference = 41CE7CDC79EE655FEF7C3198 /* Pods-TODO_VIPERTests.release.xcconfig */;
			buildSettings = {
				ALWAYS_EMBED_SWIFT_STANDARD_LIBRARIES = YES;
				BUNDLE_LOADER = "$(TEST_HOST)";
				CODE_SIGN_STYLE = Automatic;
				CURRENT_PROJECT_VERSION = 1;
				DEVELOPMENT_TEAM = 9K3B3ZYB2V;
				GENERATE_INFOPLIST_FILE = YES;
				IPHONEOS_DEPLOYMENT_TARGET = 15.4;
				MARKETING_VERSION = 1.0;
				PRODUCT_BUNDLE_IDENTIFIER = "com.waisyard.TODO-VIPERTests";
				PRODUCT_NAME = "$(TARGET_NAME)";
				SWIFT_EMIT_LOC_STRINGS = NO;
				SWIFT_VERSION = 5.0;
				TARGETED_DEVICE_FAMILY = "1,2";
				TEST_HOST = "$(BUILT_PRODUCTS_DIR)/TODO_VIPER.app/TODO_VIPER";
			};
			name = Release;
		};
		5616A72D2860BA29006EFE81 /* Debug */ = {
			isa = XCBuildConfiguration;
			baseConfigurationReference = 74C25CB9835D1164AAE6203A /* Pods-TODO_VIPER-TODO_VIPERUITests.debug.xcconfig */;
			buildSettings = {
				ALWAYS_EMBED_SWIFT_STANDARD_LIBRARIES = YES;
				CODE_SIGN_STYLE = Automatic;
				CURRENT_PROJECT_VERSION = 1;
				DEVELOPMENT_TEAM = 9K3B3ZYB2V;
				GENERATE_INFOPLIST_FILE = YES;
				MARKETING_VERSION = 1.0;
				PRODUCT_BUNDLE_IDENTIFIER = "com.waisyard.TODO-VIPERUITests";
				PRODUCT_NAME = "$(TARGET_NAME)";
				SWIFT_EMIT_LOC_STRINGS = NO;
				SWIFT_VERSION = 5.0;
				TARGETED_DEVICE_FAMILY = "1,2";
				TEST_TARGET_NAME = TODO_VIPER;
			};
			name = Debug;
		};
		5616A72E2860BA29006EFE81 /* Release */ = {
			isa = XCBuildConfiguration;
			baseConfigurationReference = BDE63D1ECD15F228BCE4694D /* Pods-TODO_VIPER-TODO_VIPERUITests.release.xcconfig */;
			buildSettings = {
				ALWAYS_EMBED_SWIFT_STANDARD_LIBRARIES = YES;
				CODE_SIGN_STYLE = Automatic;
				CURRENT_PROJECT_VERSION = 1;
				DEVELOPMENT_TEAM = 9K3B3ZYB2V;
				GENERATE_INFOPLIST_FILE = YES;
				MARKETING_VERSION = 1.0;
				PRODUCT_BUNDLE_IDENTIFIER = "com.waisyard.TODO-VIPERUITests";
				PRODUCT_NAME = "$(TARGET_NAME)";
				SWIFT_EMIT_LOC_STRINGS = NO;
				SWIFT_VERSION = 5.0;
				TARGETED_DEVICE_FAMILY = "1,2";
				TEST_TARGET_NAME = TODO_VIPER;
			};
			name = Release;
		};
/* End XCBuildConfiguration section */

/* Begin XCConfigurationList section */
		5616A6F72860BA28006EFE81 /* Build configuration list for PBXProject "TODO_VIPER" */ = {
			isa = XCConfigurationList;
			buildConfigurations = (
				5616A7242860BA29006EFE81 /* Debug */,
				5616A7252860BA29006EFE81 /* Release */,
			);
			defaultConfigurationIsVisible = 0;
			defaultConfigurationName = Release;
		};
		5616A7262860BA29006EFE81 /* Build configuration list for PBXNativeTarget "TODO_VIPER" */ = {
			isa = XCConfigurationList;
			buildConfigurations = (
				5616A7272860BA29006EFE81 /* Debug */,
				5616A7282860BA29006EFE81 /* Release */,
			);
			defaultConfigurationIsVisible = 0;
			defaultConfigurationName = Release;
		};
		5616A7292860BA29006EFE81 /* Build configuration list for PBXNativeTarget "TODO_VIPERTests" */ = {
			isa = XCConfigurationList;
			buildConfigurations = (
				5616A72A2860BA29006EFE81 /* Debug */,
				5616A72B2860BA29006EFE81 /* Release */,
			);
			defaultConfigurationIsVisible = 0;
			defaultConfigurationName = Release;
		};
		5616A72C2860BA29006EFE81 /* Build configuration list for PBXNativeTarget "TODO_VIPERUITests" */ = {
			isa = XCConfigurationList;
			buildConfigurations = (
				5616A72D2860BA29006EFE81 /* Debug */,
				5616A72E2860BA29006EFE81 /* Release */,
			);
			defaultConfigurationIsVisible = 0;
			defaultConfigurationName = Release;
		};
/* End XCConfigurationList section */
	};
	rootObject = 5616A6F42860BA28006EFE81 /* Project object */;
}
